// !$*UTF8*$!
{
	archiveVersion = 1;
	classes = {
	};
	objectVersion = 46;
	objects = {

/* Begin PBXBuildFile section */
		615155C9EC993EBE59821E9A /* Pods_OanTuTi.framework in Frameworks */ = {isa = PBXBuildFile; fileRef = 644EC73B299D1D68FB58DE02 /* Pods_OanTuTi.framework */; };
		7E1A9C891D912C0300A71334 /* RegisterViewController.swift in Sources */ = {isa = PBXBuildFile; fileRef = 7E1A9C881D912C0300A71334 /* RegisterViewController.swift */; };
		7E1A9C8B1D912C6E00A71334 /* ProfileViewController.swift in Sources */ = {isa = PBXBuildFile; fileRef = 7E1A9C8A1D912C6E00A71334 /* ProfileViewController.swift */; };
		7E1C794E1D87DE2F00AE63B2 /* AppDelegate.swift in Sources */ = {isa = PBXBuildFile; fileRef = 7E1C794D1D87DE2F00AE63B2 /* AppDelegate.swift */; };
		7E1C79501D87DE2F00AE63B2 /* ViewController.swift in Sources */ = {isa = PBXBuildFile; fileRef = 7E1C794F1D87DE2F00AE63B2 /* ViewController.swift */; };
		7E1C79531D87DE2F00AE63B2 /* Main.storyboard in Resources */ = {isa = PBXBuildFile; fileRef = 7E1C79511D87DE2F00AE63B2 /* Main.storyboard */; };
		7E1C79581D87DE2F00AE63B2 /* LaunchScreen.storyboard in Resources */ = {isa = PBXBuildFile; fileRef = 7E1C79561D87DE2F00AE63B2 /* LaunchScreen.storyboard */; };
		7E3E288C1D92305D000E804B /* ListPlayerTableViewCell.swift in Sources */ = {isa = PBXBuildFile; fileRef = 7E3E288B1D92305D000E804B /* ListPlayerTableViewCell.swift */; };
		7E3E288E1D9237FD000E804B /* View.swift in Sources */ = {isa = PBXBuildFile; fileRef = 7E3E288D1D9237FD000E804B /* View.swift */; };
		7E3F74531D8D1FF8006AB01A /* MenuViewController.swift in Sources */ = {isa = PBXBuildFile; fileRef = 7E3F74521D8D1FF8006AB01A /* MenuViewController.swift */; };
		7E798D1C1D90E338000221C0 /* ListPlayerViewController.swift in Sources */ = {isa = PBXBuildFile; fileRef = 7E798D1B1D90E338000221C0 /* ListPlayerViewController.swift */; };
		7E798D201D90E379000221C0 /* User.swift in Sources */ = {isa = PBXBuildFile; fileRef = 7E798D1F1D90E379000221C0 /* User.swift */; };
		7EA4DAFC1D92930900C5887A /* MainViewController.swift in Sources */ = {isa = PBXBuildFile; fileRef = 7EA4DAFB1D92930900C5887A /* MainViewController.swift */; };
		7EAB89881D8B9377007D4EDC /* GoogleService-Info.plist in Resources */ = {isa = PBXBuildFile; fileRef = 7EAB89871D8B9377007D4EDC /* GoogleService-Info.plist */; };
		7EC873291D897F0500CE5F71 /* Assets.xcassets in Resources */ = {isa = PBXBuildFile; fileRef = 7EC873281D897F0500CE5F71 /* Assets.xcassets */; };
/* End PBXBuildFile section */

/* Begin PBXFileReference section */
		644EC73B299D1D68FB58DE02 /* Pods_OanTuTi.framework */ = {isa = PBXFileReference; explicitFileType = wrapper.framework; includeInIndex = 0; path = Pods_OanTuTi.framework; sourceTree = BUILT_PRODUCTS_DIR; };
		7E1A9C881D912C0300A71334 /* RegisterViewController.swift */ = {isa = PBXFileReference; fileEncoding = 4; lastKnownFileType = sourcecode.swift; path = RegisterViewController.swift; sourceTree = "<group>"; };
		7E1A9C8A1D912C6E00A71334 /* ProfileViewController.swift */ = {isa = PBXFileReference; fileEncoding = 4; lastKnownFileType = sourcecode.swift; path = ProfileViewController.swift; sourceTree = "<group>"; };
		7E1C794A1D87DE2F00AE63B2 /* OanTuTi.app */ = {isa = PBXFileReference; explicitFileType = wrapper.application; includeInIndex = 0; path = OanTuTi.app; sourceTree = BUILT_PRODUCTS_DIR; };
		7E1C794D1D87DE2F00AE63B2 /* AppDelegate.swift */ = {isa = PBXFileReference; lastKnownFileType = sourcecode.swift; path = AppDelegate.swift; sourceTree = "<group>"; };
		7E1C794F1D87DE2F00AE63B2 /* ViewController.swift */ = {isa = PBXFileReference; lastKnownFileType = sourcecode.swift; path = ViewController.swift; sourceTree = "<group>"; };
		7E1C79521D87DE2F00AE63B2 /* Base */ = {isa = PBXFileReference; lastKnownFileType = file.storyboard; name = Base; path = Base.lproj/Main.storyboard; sourceTree = "<group>"; };
		7E1C79571D87DE2F00AE63B2 /* Base */ = {isa = PBXFileReference; lastKnownFileType = file.storyboard; name = Base; path = Base.lproj/LaunchScreen.storyboard; sourceTree = "<group>"; };
		7E1C79591D87DE2F00AE63B2 /* Info.plist */ = {isa = PBXFileReference; lastKnownFileType = text.plist.xml; path = Info.plist; sourceTree = "<group>"; };
		7E3E288B1D92305D000E804B /* ListPlayerTableViewCell.swift */ = {isa = PBXFileReference; fileEncoding = 4; lastKnownFileType = sourcecode.swift; path = ListPlayerTableViewCell.swift; sourceTree = "<group>"; };
		7E3E288D1D9237FD000E804B /* View.swift */ = {isa = PBXFileReference; fileEncoding = 4; lastKnownFileType = sourcecode.swift; path = View.swift; sourceTree = "<group>"; };
		7E3F74521D8D1FF8006AB01A /* MenuViewController.swift */ = {isa = PBXFileReference; fileEncoding = 4; lastKnownFileType = sourcecode.swift; path = MenuViewController.swift; sourceTree = "<group>"; };
		7E798D1B1D90E338000221C0 /* ListPlayerViewController.swift */ = {isa = PBXFileReference; fileEncoding = 4; lastKnownFileType = sourcecode.swift; path = ListPlayerViewController.swift; sourceTree = "<group>"; };
		7E798D1F1D90E379000221C0 /* User.swift */ = {isa = PBXFileReference; fileEncoding = 4; lastKnownFileType = sourcecode.swift; path = User.swift; sourceTree = "<group>"; };
		7EA4DAFB1D92930900C5887A /* MainViewController.swift */ = {isa = PBXFileReference; fileEncoding = 4; lastKnownFileType = sourcecode.swift; path = MainViewController.swift; sourceTree = "<group>"; };
		7EAB89871D8B9377007D4EDC /* GoogleService-Info.plist */ = {isa = PBXFileReference; fileEncoding = 4; lastKnownFileType = text.plist.xml; path = "GoogleService-Info.plist"; sourceTree = "<group>"; };
		7EC873281D897F0500CE5F71 /* Assets.xcassets */ = {isa = PBXFileReference; lastKnownFileType = folder.assetcatalog; path = Assets.xcassets; sourceTree = "<group>"; };
		DB20034FEEC5183B509C165D /* Pods-OanTuTi.debug.xcconfig */ = {isa = PBXFileReference; includeInIndex = 1; lastKnownFileType = text.xcconfig; name = "Pods-OanTuTi.debug.xcconfig"; path = "Pods/Target Support Files/Pods-OanTuTi/Pods-OanTuTi.debug.xcconfig"; sourceTree = "<group>"; };
		FF48A5E4B2508DB7B54C98D8 /* Pods-OanTuTi.release.xcconfig */ = {isa = PBXFileReference; includeInIndex = 1; lastKnownFileType = text.xcconfig; name = "Pods-OanTuTi.release.xcconfig"; path = "Pods/Target Support Files/Pods-OanTuTi/Pods-OanTuTi.release.xcconfig"; sourceTree = "<group>"; };
/* End PBXFileReference section */

/* Begin PBXFrameworksBuildPhase section */
		7E1C79471D87DE2F00AE63B2 /* Frameworks */ = {
			isa = PBXFrameworksBuildPhase;
			buildActionMask = 2147483647;
			files = (
				615155C9EC993EBE59821E9A /* Pods_OanTuTi.framework in Frameworks */,
			);
			runOnlyForDeploymentPostprocessing = 0;
		};
/* End PBXFrameworksBuildPhase section */

/* Begin PBXGroup section */
		26C9F9FDBA0D269A97FAEB94 /* Pods */ = {
			isa = PBXGroup;
			children = (
				DB20034FEEC5183B509C165D /* Pods-OanTuTi.debug.xcconfig */,
				FF48A5E4B2508DB7B54C98D8 /* Pods-OanTuTi.release.xcconfig */,
			);
			name = Pods;
			sourceTree = "<group>";
		};
		7E1C79411D87DE2F00AE63B2 = {
			isa = PBXGroup;
			children = (
				7E1C794C1D87DE2F00AE63B2 /* OanTuTi */,
				7E1C794B1D87DE2F00AE63B2 /* Products */,
				26C9F9FDBA0D269A97FAEB94 /* Pods */,
				9969580432BEA8B1F57D2C45 /* Frameworks */,
			);
			sourceTree = "<group>";
		};
		7E1C794B1D87DE2F00AE63B2 /* Products */ = {
			isa = PBXGroup;
			children = (
				7E1C794A1D87DE2F00AE63B2 /* OanTuTi.app */,
			);
			name = Products;
			sourceTree = "<group>";
		};
		7E1C794C1D87DE2F00AE63B2 /* OanTuTi */ = {
			isa = PBXGroup;
			children = (
				7E1C79511D87DE2F00AE63B2 /* Main.storyboard */,
				7E798D1D1D90E344000221C0 /* View */,
				7E798D1E1D90E354000221C0 /* Model */,
				7E72AEE51D88F57900AC997A /* Support file */,
			);
			path = OanTuTi;
			sourceTree = "<group>";
		};
		7E72AEE51D88F57900AC997A /* Support file */ = {
			isa = PBXGroup;
			children = (
				7EC873281D897F0500CE5F71 /* Assets.xcassets */,
				7E1C794D1D87DE2F00AE63B2 /* AppDelegate.swift */,
				7E1C79561D87DE2F00AE63B2 /* LaunchScreen.storyboard */,
				7E1C79591D87DE2F00AE63B2 /* Info.plist */,
				7EAB89871D8B9377007D4EDC /* GoogleService-Info.plist */,
			);
			name = "Support file";
			sourceTree = "<group>";
		};
		7E798D1D1D90E344000221C0 /* View */ = {
			isa = PBXGroup;
			children = (
				7E1A9C881D912C0300A71334 /* RegisterViewController.swift */,
				7E1C794F1D87DE2F00AE63B2 /* ViewController.swift */,
				7E3F74521D8D1FF8006AB01A /* MenuViewController.swift */,
				7E798D1B1D90E338000221C0 /* ListPlayerViewController.swift */,
				7E1A9C8A1D912C6E00A71334 /* ProfileViewController.swift */,
				7E3E288B1D92305D000E804B /* ListPlayerTableViewCell.swift */,
				7EA4DAFB1D92930900C5887A /* MainViewController.swift */,
			);
			name = View;
			sourceTree = "<group>";
		};
		7E798D1E1D90E354000221C0 /* Model */ = {
			isa = PBXGroup;
			children = (
				7E798D1F1D90E379000221C0 /* User.swift */,
				7E3E288D1D9237FD000E804B /* View.swift */,
			);
			name = Model;
			sourceTree = "<group>";
		};
		9969580432BEA8B1F57D2C45 /* Frameworks */ = {
			isa = PBXGroup;
			children = (
				644EC73B299D1D68FB58DE02 /* Pods_OanTuTi.framework */,
			);
			name = Frameworks;
			sourceTree = "<group>";
		};
/* End PBXGroup section */

/* Begin PBXNativeTarget section */
		7E1C79491D87DE2F00AE63B2 /* OanTuTi */ = {
			isa = PBXNativeTarget;
			buildConfigurationList = 7E1C795C1D87DE2F00AE63B2 /* Build configuration list for PBXNativeTarget "OanTuTi" */;
			buildPhases = (
				960F78631075890C271FF35C /* [CP] Check Pods Manifest.lock */,
				7E1C79461D87DE2F00AE63B2 /* Sources */,
				7E1C79471D87DE2F00AE63B2 /* Frameworks */,
				7E1C79481D87DE2F00AE63B2 /* Resources */,
				F36B2F452CAEF33E7B58E342 /* [CP] Embed Pods Frameworks */,
				5684C91C145BA0F5BC6C04B7 /* [CP] Copy Pods Resources */,
			);
			buildRules = (
			);
			dependencies = (
			);
			name = OanTuTi;
			productName = OanTuTi;
			productReference = 7E1C794A1D87DE2F00AE63B2 /* OanTuTi.app */;
			productType = "com.apple.product-type.application";
		};
/* End PBXNativeTarget section */

/* Begin PBXProject section */
		7E1C79421D87DE2F00AE63B2 /* Project object */ = {
			isa = PBXProject;
			attributes = {
				LastSwiftUpdateCheck = 0730;
				LastUpgradeCheck = 0730;
				ORGANIZATIONNAME = "Lee Nguyen";
				TargetAttributes = {
					7E1C79491D87DE2F00AE63B2 = {
						CreatedOnToolsVersion = 7.3.1;
					};
				};
			};
			buildConfigurationList = 7E1C79451D87DE2F00AE63B2 /* Build configuration list for PBXProject "OanTuTi" */;
			compatibilityVersion = "Xcode 3.2";
			developmentRegion = English;
			hasScannedForEncodings = 0;
			knownRegions = (
				en,
				Base,
			);
			mainGroup = 7E1C79411D87DE2F00AE63B2;
			productRefGroup = 7E1C794B1D87DE2F00AE63B2 /* Products */;
			projectDirPath = "";
			projectRoot = "";
			targets = (
				7E1C79491D87DE2F00AE63B2 /* OanTuTi */,
			);
		};
/* End PBXProject section */

/* Begin PBXResourcesBuildPhase section */
		7E1C79481D87DE2F00AE63B2 /* Resources */ = {
			isa = PBXResourcesBuildPhase;
			buildActionMask = 2147483647;
			files = (
				7E1C79581D87DE2F00AE63B2 /* LaunchScreen.storyboard in Resources */,
				7EAB89881D8B9377007D4EDC /* GoogleService-Info.plist in Resources */,
				7EC873291D897F0500CE5F71 /* Assets.xcassets in Resources */,
				7E1C79531D87DE2F00AE63B2 /* Main.storyboard in Resources */,
			);
			runOnlyForDeploymentPostprocessing = 0;
		};
/* End PBXResourcesBuildPhase section */

/* Begin PBXShellScriptBuildPhase section */
		5684C91C145BA0F5BC6C04B7 /* [CP] Copy Pods Resources */ = {
			isa = PBXShellScriptBuildPhase;
			buildActionMask = 2147483647;
			files = (
			);
			inputPaths = (
			);
			name = "[CP] Copy Pods Resources";
			outputPaths = (
			);
			runOnlyForDeploymentPostprocessing = 0;
			shellPath = /bin/sh;
			shellScript = "\"${SRCROOT}/Pods/Target Support Files/Pods-OanTuTi/Pods-OanTuTi-resources.sh\"\n";
			showEnvVarsInLog = 0;
		};
		960F78631075890C271FF35C /* [CP] Check Pods Manifest.lock */ = {
			isa = PBXShellScriptBuildPhase;
			buildActionMask = 2147483647;
			files = (
			);
			inputPaths = (
			);
			name = "[CP] Check Pods Manifest.lock";
			outputPaths = (
			);
			runOnlyForDeploymentPostprocessing = 0;
			shellPath = /bin/sh;
			shellScript = "diff \"${PODS_ROOT}/../Podfile.lock\" \"${PODS_ROOT}/Manifest.lock\" > /dev/null\nif [ $? != 0 ] ; then\n    # print error to STDERR\n    echo \"error: The sandbox is not in sync with the Podfile.lock. Run 'pod install' or update your CocoaPods installation.\" >&2\n    exit 1\nfi\n";
			showEnvVarsInLog = 0;
		};
		F36B2F452CAEF33E7B58E342 /* [CP] Embed Pods Frameworks */ = {
			isa = PBXShellScriptBuildPhase;
			buildActionMask = 2147483647;
			files = (
			);
			inputPaths = (
			);
			name = "[CP] Embed Pods Frameworks";
			outputPaths = (
			);
			runOnlyForDeploymentPostprocessing = 0;
			shellPath = /bin/sh;
			shellScript = "\"${SRCROOT}/Pods/Target Support Files/Pods-OanTuTi/Pods-OanTuTi-frameworks.sh\"\n";
			showEnvVarsInLog = 0;
		};
/* End PBXShellScriptBuildPhase section */

/* Begin PBXSourcesBuildPhase section */
		7E1C79461D87DE2F00AE63B2 /* Sources */ = {
			isa = PBXSourcesBuildPhase;
			buildActionMask = 2147483647;
			files = (
				7E1C79501D87DE2F00AE63B2 /* ViewController.swift in Sources */,
				7E798D1C1D90E338000221C0 /* ListPlayerViewController.swift in Sources */,
				7E1A9C891D912C0300A71334 /* RegisterViewController.swift in Sources */,
				7E798D201D90E379000221C0 /* User.swift in Sources */,
				7E3E288C1D92305D000E804B /* ListPlayerTableViewCell.swift in Sources */,
				7E3E288E1D9237FD000E804B /* View.swift in Sources */,
				7E1A9C8B1D912C6E00A71334 /* ProfileViewController.swift in Sources */,
				7E1C794E1D87DE2F00AE63B2 /* AppDelegate.swift in Sources */,
				7E3F74531D8D1FF8006AB01A /* MenuViewController.swift in Sources */,
				7EA4DAFC1D92930900C5887A /* MainViewController.swift in Sources */,
			);
			runOnlyForDeploymentPostprocessing = 0;
		};
/* End PBXSourcesBuildPhase section */

/* Begin PBXVariantGroup section */
		7E1C79511D87DE2F00AE63B2 /* Main.storyboard */ = {
			isa = PBXVariantGroup;
			children = (
				7E1C79521D87DE2F00AE63B2 /* Base */,
			);
			name = Main.storyboard;
			sourceTree = "<group>";
		};
		7E1C79561D87DE2F00AE63B2 /* LaunchScreen.storyboard */ = {
			isa = PBXVariantGroup;
			children = (
				7E1C79571D87DE2F00AE63B2 /* Base */,
			);
			name = LaunchScreen.storyboard;
			sourceTree = "<group>";
		};
/* End PBXVariantGroup section */

/* Begin XCBuildConfiguration section */
		7E1C795A1D87DE2F00AE63B2 /* Debug */ = {
			isa = XCBuildConfiguration;
			buildSettings = {
				ALWAYS_SEARCH_USER_PATHS = NO;
				CLANG_ANALYZER_NONNULL = YES;
				CLANG_CXX_LANGUAGE_STANDARD = "gnu++0x";
				CLANG_CXX_LIBRARY = "libc++";
				CLANG_ENABLE_MODULES = YES;
				CLANG_ENABLE_OBJC_ARC = YES;
				CLANG_WARN_BOOL_CONVERSION = YES;
				CLANG_WARN_CONSTANT_CONVERSION = YES;
				CLANG_WARN_DIRECT_OBJC_ISA_USAGE = YES_ERROR;
				CLANG_WARN_EMPTY_BODY = YES;
				CLANG_WARN_ENUM_CONVERSION = YES;
				CLANG_WARN_INT_CONVERSION = YES;
				CLANG_WARN_OBJC_ROOT_CLASS = YES_ERROR;
				CLANG_WARN_UNREACHABLE_CODE = YES;
				CLANG_WARN__DUPLICATE_METHOD_MATCH = YES;
				"CODE_SIGN_IDENTITY[sdk=iphoneos*]" = "iPhone Developer";
				COPY_PHASE_STRIP = NO;
				DEBUG_INFORMATION_FORMAT = dwarf;
				ENABLE_STRICT_OBJC_MSGSEND = YES;
				ENABLE_TESTABILITY = YES;
				GCC_C_LANGUAGE_STANDARD = gnu99;
				GCC_DYNAMIC_NO_PIC = NO;
				GCC_NO_COMMON_BLOCKS = YES;
				GCC_OPTIMIZATION_LEVEL = 0;
				GCC_PREPROCESSOR_DEFINITIONS = (
					"DEBUG=1",
					"$(inherited)",
				);
				GCC_WARN_64_TO_32_BIT_CONVERSION = YES;
				GCC_WARN_ABOUT_RETURN_TYPE = YES_ERROR;
				GCC_WARN_UNDECLARED_SELECTOR = YES;
				GCC_WARN_UNINITIALIZED_AUTOS = YES_AGGRESSIVE;
				GCC_WARN_UNUSED_FUNCTION = YES;
				GCC_WARN_UNUSED_VARIABLE = YES;
				IPHONEOS_DEPLOYMENT_TARGET = 9.3;
				MTL_ENABLE_DEBUG_INFO = YES;
				ONLY_ACTIVE_ARCH = YES;
				SDKROOT = iphoneos;
				SWIFT_OPTIMIZATION_LEVEL = "-Onone";
			};
			name = Debug;
		};
		7E1C795B1D87DE2F00AE63B2 /* Release */ = {
			isa = XCBuildConfiguration;
			buildSettings = {
				ALWAYS_SEARCH_USER_PATHS = NO;
				CLANG_ANALYZER_NONNULL = YES;
				CLANG_CXX_LANGUAGE_STANDARD = "gnu++0x";
				CLANG_CXX_LIBRARY = "libc++";
				CLANG_ENABLE_MODULES = YES;
				CLANG_ENABLE_OBJC_ARC = YES;
				CLANG_WARN_BOOL_CONVERSION = YES;
				CLANG_WARN_CONSTANT_CONVERSION = YES;
				CLANG_WARN_DIRECT_OBJC_ISA_USAGE = YES_ERROR;
				CLANG_WARN_EMPTY_BODY = YES;
				CLANG_WARN_ENUM_CONVERSION = YES;
				CLANG_WARN_INT_CONVERSION = YES;
				CLANG_WARN_OBJC_ROOT_CLASS = YES_ERROR;
				CLANG_WARN_UNREACHABLE_CODE = YES;
				CLANG_WARN__DUPLICATE_METHOD_MATCH = YES;
				"CODE_SIGN_IDENTITY[sdk=iphoneos*]" = "iPhone Developer";
				COPY_PHASE_STRIP = NO;
				DEBUG_INFORMATION_FORMAT = "dwarf-with-dsym";
				ENABLE_NS_ASSERTIONS = NO;
				ENABLE_STRICT_OBJC_MSGSEND = YES;
				GCC_C_LANGUAGE_STANDARD = gnu99;
				GCC_NO_COMMON_BLOCKS = YES;
				GCC_WARN_64_TO_32_BIT_CONVERSION = YES;
				GCC_WARN_ABOUT_RETURN_TYPE = YES_ERROR;
				GCC_WARN_UNDECLARED_SELECTOR = YES;
				GCC_WARN_UNINITIALIZED_AUTOS = YES_AGGRESSIVE;
				GCC_WARN_UNUSED_FUNCTION = YES;
				GCC_WARN_UNUSED_VARIABLE = YES;
				IPHONEOS_DEPLOYMENT_TARGET = 9.3;
				MTL_ENABLE_DEBUG_INFO = NO;
				SDKROOT = iphoneos;
				VALIDATE_PRODUCT = YES;
			};
			name = Release;
		};
		7E1C795D1D87DE2F00AE63B2 /* Debug */ = {
			isa = XCBuildConfiguration;
			baseConfigurationReference = DB20034FEEC5183B509C165D /* Pods-OanTuTi.debug.xcconfig */;
			buildSettings = {
				ASSETCATALOG_COMPILER_APPICON_NAME = AppIcon;
				INFOPLIST_FILE = OanTuTi/Info.plist;
				LD_RUNPATH_SEARCH_PATHS = "$(inherited) @executable_path/Frameworks";
				PRODUCT_BUNDLE_IDENTIFIER = com.LeeNguyen.OanTuTi;
				PRODUCT_NAME = "$(TARGET_NAME)";
			};
			name = Debug;
		};
		7E1C795E1D87DE2F00AE63B2 /* Release */ = {
			isa = XCBuildConfiguration;
			baseConfigurationReference = FF48A5E4B2508DB7B54C98D8 /* Pods-OanTuTi.release.xcconfig */;
			buildSettings = {
				ASSETCATALOG_COMPILER_APPICON_NAME = AppIcon;
				INFOPLIST_FILE = OanTuTi/Info.plist;
				LD_RUNPATH_SEARCH_PATHS = "$(inherited) @executable_path/Frameworks";
				PRODUCT_BUNDLE_IDENTIFIER = com.LeeNguyen.OanTuTi;
				PRODUCT_NAME = "$(TARGET_NAME)";
			};
			name = Release;
		};
/* End XCBuildConfiguration section */

/* Begin XCConfigurationList section */
		7E1C79451D87DE2F00AE63B2 /* Build configuration list for PBXProject "OanTuTi" */ = {
			isa = XCConfigurationList;
			buildConfigurations = (
				7E1C795A1D87DE2F00AE63B2 /* Debug */,
				7E1C795B1D87DE2F00AE63B2 /* Release */,
			);
			defaultConfigurationIsVisible = 0;
			defaultConfigurationName = Release;
		};
		7E1C795C1D87DE2F00AE63B2 /* Build configuration list for PBXNativeTarget "OanTuTi" */ = {
			isa = XCConfigurationList;
			buildConfigurations = (
				7E1C795D1D87DE2F00AE63B2 /* Debug */,
				7E1C795E1D87DE2F00AE63B2 /* Release */,
			);
			defaultConfigurationIsVisible = 0;
			defaultConfigurationName = Release;
		};
/* End XCConfigurationList section */
	};
	rootObject = 7E1C79421D87DE2F00AE63B2 /* Project object */;
}
