// !$*UTF8*$!
{
	archiveVersion = 1;
	classes = {
	};
	objectVersion = 46;
	objects = {

/* Begin PBXBuildFile section */
		7E51E39F1DD4CA1300499D75 /* SCLAlertView.swift in Sources */ = {isa = PBXBuildFile; fileRef = 7E51E39D1DD4CA1300499D75 /* SCLAlertView.swift */; };
		7E51E3A01DD4CA1300499D75 /* SCLExtensions.swift in Sources */ = {isa = PBXBuildFile; fileRef = 7E51E39E1DD4CA1300499D75 /* SCLExtensions.swift */; };
		BE0018FB1DCCEE0E0038A410 /* User.swift in Sources */ = {isa = PBXBuildFile; fileRef = BE0018FA1DCCEE0E0038A410 /* User.swift */; };
		BE0018FD1DCCF1B50038A410 /* MenuViewController.swift in Sources */ = {isa = PBXBuildFile; fileRef = BE0018FC1DCCF1B50038A410 /* MenuViewController.swift */; };
		BE0B02F11DD570FB006CD237 /* WaitingViewController.swift in Sources */ = {isa = PBXBuildFile; fileRef = BE0B02F01DD570FB006CD237 /* WaitingViewController.swift */; };
		BE2FC3D71DD7168900203354 /* NotificationCommands.swift in Sources */ = {isa = PBXBuildFile; fileRef = BE2FC3D61DD7168900203354 /* NotificationCommands.swift */; };
		BE2FC3D91DD7179D00203354 /* ListenRegisterEvent.swift in Sources */ = {isa = PBXBuildFile; fileRef = BE2FC3D81DD7179D00203354 /* ListenRegisterEvent.swift */; };
		BE2FC3DB1DD71E6500203354 /* ListenProfileEvent.swift in Sources */ = {isa = PBXBuildFile; fileRef = BE2FC3DA1DD71E6500203354 /* ListenProfileEvent.swift */; };
		BE2FC3DE1DD7262C00203354 /* ListenWaitingRoomEvent.swift in Sources */ = {isa = PBXBuildFile; fileRef = BE2FC3DD1DD7262C00203354 /* ListenWaitingRoomEvent.swift */; };
		BE53A7C91DCF6C8A000A2AB8 /* ProfileViewController.swift in Sources */ = {isa = PBXBuildFile; fileRef = BE53A7C81DCF6C8A000A2AB8 /* ProfileViewController.swift */; };
		BE56288F1DD37175002D50FA /* Room.swift in Sources */ = {isa = PBXBuildFile; fileRef = BE56288E1DD37175002D50FA /* Room.swift */; };
		BE5628911DD37FCA002D50FA /* ListenRoomEvent.swift in Sources */ = {isa = PBXBuildFile; fileRef = BE5628901DD37FCA002D50FA /* ListenRoomEvent.swift */; };
		BE5636D51DD0DA6C00E1FEB0 /* RoomCollectionViewController.swift in Sources */ = {isa = PBXBuildFile; fileRef = BE5636D41DD0DA6C00E1FEB0 /* RoomCollectionViewController.swift */; };
		BE7F87CE1DD46DA000C76DD3 /* ExtensionUIViewController.swift in Sources */ = {isa = PBXBuildFile; fileRef = BE7F87CD1DD46DA000C76DD3 /* ExtensionUIViewController.swift */; };
		BE8CF3FE1DCB0F6300F74ECE /* AppDelegate.swift in Sources */ = {isa = PBXBuildFile; fileRef = BE8CF3FD1DCB0F6300F74ECE /* AppDelegate.swift */; };
		BE8CF4031DCB0F6300F74ECE /* Main.storyboard in Resources */ = {isa = PBXBuildFile; fileRef = BE8CF4011DCB0F6300F74ECE /* Main.storyboard */; };
		BE8CF4051DCB0F6300F74ECE /* Assets.xcassets in Resources */ = {isa = PBXBuildFile; fileRef = BE8CF4041DCB0F6300F74ECE /* Assets.xcassets */; };
		BE8CF4081DCB0F6300F74ECE /* LaunchScreen.storyboard in Resources */ = {isa = PBXBuildFile; fileRef = BE8CF4061DCB0F6300F74ECE /* LaunchScreen.storyboard */; };
		BE8CF4111DCB109000F74ECE /* LoginViewController.swift in Sources */ = {isa = PBXBuildFile; fileRef = BE8CF40F1DCB109000F74ECE /* LoginViewController.swift */; };
		BE8CF4121DCB109000F74ECE /* RegisterViewController.swift in Sources */ = {isa = PBXBuildFile; fileRef = BE8CF4101DCB109000F74ECE /* RegisterViewController.swift */; };
		BEB13E031DDB34D900445317 /* MyProfile.swift in Sources */ = {isa = PBXBuildFile; fileRef = BEB13E021DDB34D900445317 /* MyProfile.swift */; };
		BEDE989E1DCB2DE300C6806F /* Commands.swift in Sources */ = {isa = PBXBuildFile; fileRef = BEDE989D1DCB2DE300C6806F /* Commands.swift */; };
		BEDE98A01DCB2F3100C6806F /* Contants.swift in Sources */ = {isa = PBXBuildFile; fileRef = BEDE989F1DCB2F3100C6806F /* Contants.swift */; };
		BEF37DCA1DCC5858008780D8 /* SocketIOManager.swift in Sources */ = {isa = PBXBuildFile; fileRef = BEF37DC91DCC5858008780D8 /* SocketIOManager.swift */; };
		BEF37DE31DCC595A008780D8 /* SocketAckEmitter.swift in Sources */ = {isa = PBXBuildFile; fileRef = BEF37DCB1DCC595A008780D8 /* SocketAckEmitter.swift */; };
		BEF37DE41DCC595A008780D8 /* SocketAckManager.swift in Sources */ = {isa = PBXBuildFile; fileRef = BEF37DCC1DCC595A008780D8 /* SocketAckManager.swift */; };
		BEF37DE51DCC595A008780D8 /* SocketAnyEvent.swift in Sources */ = {isa = PBXBuildFile; fileRef = BEF37DCD1DCC595A008780D8 /* SocketAnyEvent.swift */; };
		BEF37DE61DCC595A008780D8 /* SocketClientManager.swift in Sources */ = {isa = PBXBuildFile; fileRef = BEF37DCE1DCC595A008780D8 /* SocketClientManager.swift */; };
		BEF37DE71DCC595A008780D8 /* SocketEngine.swift in Sources */ = {isa = PBXBuildFile; fileRef = BEF37DCF1DCC595A008780D8 /* SocketEngine.swift */; };
		BEF37DE81DCC595A008780D8 /* SocketEngineClient.swift in Sources */ = {isa = PBXBuildFile; fileRef = BEF37DD01DCC595A008780D8 /* SocketEngineClient.swift */; };
		BEF37DE91DCC595A008780D8 /* SocketEnginePacketType.swift in Sources */ = {isa = PBXBuildFile; fileRef = BEF37DD11DCC595A008780D8 /* SocketEnginePacketType.swift */; };
		BEF37DEA1DCC595A008780D8 /* SocketEnginePollable.swift in Sources */ = {isa = PBXBuildFile; fileRef = BEF37DD21DCC595A008780D8 /* SocketEnginePollable.swift */; };
		BEF37DEB1DCC595A008780D8 /* SocketEngineSpec.swift in Sources */ = {isa = PBXBuildFile; fileRef = BEF37DD31DCC595A008780D8 /* SocketEngineSpec.swift */; };
		BEF37DEC1DCC595A008780D8 /* SocketEngineWebsocket.swift in Sources */ = {isa = PBXBuildFile; fileRef = BEF37DD41DCC595A008780D8 /* SocketEngineWebsocket.swift */; };
		BEF37DED1DCC595A008780D8 /* SocketEventHandler.swift in Sources */ = {isa = PBXBuildFile; fileRef = BEF37DD51DCC595A008780D8 /* SocketEventHandler.swift */; };
		BEF37DEE1DCC595A008780D8 /* SocketExtensions.swift in Sources */ = {isa = PBXBuildFile; fileRef = BEF37DD61DCC595A008780D8 /* SocketExtensions.swift */; };
		BEF37DEF1DCC595A008780D8 /* SocketIOClient.swift in Sources */ = {isa = PBXBuildFile; fileRef = BEF37DD71DCC595A008780D8 /* SocketIOClient.swift */; };
		BEF37DF01DCC595A008780D8 /* SocketIOClientConfiguration.swift in Sources */ = {isa = PBXBuildFile; fileRef = BEF37DD81DCC595A008780D8 /* SocketIOClientConfiguration.swift */; };
		BEF37DF11DCC595A008780D8 /* SocketIOClientOption.swift in Sources */ = {isa = PBXBuildFile; fileRef = BEF37DD91DCC595A008780D8 /* SocketIOClientOption.swift */; };
		BEF37DF21DCC595A008780D8 /* SocketIOClientSpec.swift in Sources */ = {isa = PBXBuildFile; fileRef = BEF37DDA1DCC595A008780D8 /* SocketIOClientSpec.swift */; };
		BEF37DF31DCC595A008780D8 /* SocketIOClientStatus.swift in Sources */ = {isa = PBXBuildFile; fileRef = BEF37DDB1DCC595A008780D8 /* SocketIOClientStatus.swift */; };
		BEF37DF41DCC595A008780D8 /* SocketLogger.swift in Sources */ = {isa = PBXBuildFile; fileRef = BEF37DDC1DCC595A008780D8 /* SocketLogger.swift */; };
		BEF37DF51DCC595A008780D8 /* SocketPacket.swift in Sources */ = {isa = PBXBuildFile; fileRef = BEF37DDD1DCC595A008780D8 /* SocketPacket.swift */; };
		BEF37DF61DCC595A008780D8 /* SocketParsable.swift in Sources */ = {isa = PBXBuildFile; fileRef = BEF37DDE1DCC595A008780D8 /* SocketParsable.swift */; };
		BEF37DF71DCC595A008780D8 /* SocketStringReader.swift in Sources */ = {isa = PBXBuildFile; fileRef = BEF37DDF1DCC595A008780D8 /* SocketStringReader.swift */; };
		BEF37DF81DCC595A008780D8 /* SocketTypes.swift in Sources */ = {isa = PBXBuildFile; fileRef = BEF37DE01DCC595A008780D8 /* SocketTypes.swift */; };
		BEF37DF91DCC595A008780D8 /* SSLSecurity.swift in Sources */ = {isa = PBXBuildFile; fileRef = BEF37DE11DCC595A008780D8 /* SSLSecurity.swift */; };
		BEF37DFA1DCC595A008780D8 /* WebSocket.swift in Sources */ = {isa = PBXBuildFile; fileRef = BEF37DE21DCC595A008780D8 /* WebSocket.swift */; };
/* End PBXBuildFile section */

/* Begin PBXFileReference section */
		7E51E39D1DD4CA1300499D75 /* SCLAlertView.swift */ = {isa = PBXFileReference; fileEncoding = 4; lastKnownFileType = sourcecode.swift; path = SCLAlertView.swift; sourceTree = "<group>"; };
		7E51E39E1DD4CA1300499D75 /* SCLExtensions.swift */ = {isa = PBXFileReference; fileEncoding = 4; lastKnownFileType = sourcecode.swift; path = SCLExtensions.swift; sourceTree = "<group>"; };
		BE0018FA1DCCEE0E0038A410 /* User.swift */ = {isa = PBXFileReference; fileEncoding = 4; lastKnownFileType = sourcecode.swift; path = User.swift; sourceTree = "<group>"; };
		BE0018FC1DCCF1B50038A410 /* MenuViewController.swift */ = {isa = PBXFileReference; fileEncoding = 4; lastKnownFileType = sourcecode.swift; path = MenuViewController.swift; sourceTree = "<group>"; };
		BE0B02F01DD570FB006CD237 /* WaitingViewController.swift */ = {isa = PBXFileReference; fileEncoding = 4; lastKnownFileType = sourcecode.swift; path = WaitingViewController.swift; sourceTree = "<group>"; };
		BE2FC3D61DD7168900203354 /* NotificationCommands.swift */ = {isa = PBXFileReference; fileEncoding = 4; lastKnownFileType = sourcecode.swift; path = NotificationCommands.swift; sourceTree = "<group>"; };
		BE2FC3D81DD7179D00203354 /* ListenRegisterEvent.swift */ = {isa = PBXFileReference; fileEncoding = 4; lastKnownFileType = sourcecode.swift; path = ListenRegisterEvent.swift; sourceTree = "<group>"; };
		BE2FC3DA1DD71E6500203354 /* ListenProfileEvent.swift */ = {isa = PBXFileReference; fileEncoding = 4; lastKnownFileType = sourcecode.swift; path = ListenProfileEvent.swift; sourceTree = "<group>"; };
		BE2FC3DD1DD7262C00203354 /* ListenWaitingRoomEvent.swift */ = {isa = PBXFileReference; fileEncoding = 4; lastKnownFileType = sourcecode.swift; path = ListenWaitingRoomEvent.swift; sourceTree = "<group>"; };
		BE53A7C81DCF6C8A000A2AB8 /* ProfileViewController.swift */ = {isa = PBXFileReference; fileEncoding = 4; lastKnownFileType = sourcecode.swift; path = ProfileViewController.swift; sourceTree = "<group>"; };
		BE56288E1DD37175002D50FA /* Room.swift */ = {isa = PBXFileReference; fileEncoding = 4; lastKnownFileType = sourcecode.swift; path = Room.swift; sourceTree = "<group>"; };
		BE5628901DD37FCA002D50FA /* ListenRoomEvent.swift */ = {isa = PBXFileReference; fileEncoding = 4; lastKnownFileType = sourcecode.swift; path = ListenRoomEvent.swift; sourceTree = "<group>"; };
		BE5636D41DD0DA6C00E1FEB0 /* RoomCollectionViewController.swift */ = {isa = PBXFileReference; fileEncoding = 4; lastKnownFileType = sourcecode.swift; path = RoomCollectionViewController.swift; sourceTree = "<group>"; };
		BE7F87CD1DD46DA000C76DD3 /* ExtensionUIViewController.swift */ = {isa = PBXFileReference; fileEncoding = 4; lastKnownFileType = sourcecode.swift; path = ExtensionUIViewController.swift; sourceTree = "<group>"; };
		BE8CF3FA1DCB0F6300F74ECE /* OanTuTi.app */ = {isa = PBXFileReference; explicitFileType = wrapper.application; includeInIndex = 0; path = OanTuTi.app; sourceTree = BUILT_PRODUCTS_DIR; };
		BE8CF3FD1DCB0F6300F74ECE /* AppDelegate.swift */ = {isa = PBXFileReference; lastKnownFileType = sourcecode.swift; path = AppDelegate.swift; sourceTree = "<group>"; };
		BE8CF4021DCB0F6300F74ECE /* Base */ = {isa = PBXFileReference; lastKnownFileType = file.storyboard; name = Base; path = Base.lproj/Main.storyboard; sourceTree = "<group>"; };
		BE8CF4041DCB0F6300F74ECE /* Assets.xcassets */ = {isa = PBXFileReference; lastKnownFileType = folder.assetcatalog; path = Assets.xcassets; sourceTree = "<group>"; };
		BE8CF4071DCB0F6300F74ECE /* Base */ = {isa = PBXFileReference; lastKnownFileType = file.storyboard; name = Base; path = Base.lproj/LaunchScreen.storyboard; sourceTree = "<group>"; };
		BE8CF4091DCB0F6300F74ECE /* Info.plist */ = {isa = PBXFileReference; lastKnownFileType = text.plist.xml; path = Info.plist; sourceTree = "<group>"; };
		BE8CF40F1DCB109000F74ECE /* LoginViewController.swift */ = {isa = PBXFileReference; fileEncoding = 4; lastKnownFileType = sourcecode.swift; path = LoginViewController.swift; sourceTree = "<group>"; };
		BE8CF4101DCB109000F74ECE /* RegisterViewController.swift */ = {isa = PBXFileReference; fileEncoding = 4; lastKnownFileType = sourcecode.swift; path = RegisterViewController.swift; sourceTree = "<group>"; };
		BEB13E021DDB34D900445317 /* MyProfile.swift */ = {isa = PBXFileReference; fileEncoding = 4; lastKnownFileType = sourcecode.swift; path = MyProfile.swift; sourceTree = "<group>"; };
		BEDE989D1DCB2DE300C6806F /* Commands.swift */ = {isa = PBXFileReference; fileEncoding = 4; lastKnownFileType = sourcecode.swift; path = Commands.swift; sourceTree = "<group>"; };
		BEDE989F1DCB2F3100C6806F /* Contants.swift */ = {isa = PBXFileReference; fileEncoding = 4; lastKnownFileType = sourcecode.swift; path = Contants.swift; sourceTree = "<group>"; };
		BEF37DC91DCC5858008780D8 /* SocketIOManager.swift */ = {isa = PBXFileReference; fileEncoding = 4; lastKnownFileType = sourcecode.swift; path = SocketIOManager.swift; sourceTree = "<group>"; };
		BEF37DCB1DCC595A008780D8 /* SocketAckEmitter.swift */ = {isa = PBXFileReference; fileEncoding = 4; lastKnownFileType = sourcecode.swift; path = SocketAckEmitter.swift; sourceTree = "<group>"; };
		BEF37DCC1DCC595A008780D8 /* SocketAckManager.swift */ = {isa = PBXFileReference; fileEncoding = 4; lastKnownFileType = sourcecode.swift; path = SocketAckManager.swift; sourceTree = "<group>"; };
		BEF37DCD1DCC595A008780D8 /* SocketAnyEvent.swift */ = {isa = PBXFileReference; fileEncoding = 4; lastKnownFileType = sourcecode.swift; path = SocketAnyEvent.swift; sourceTree = "<group>"; };
		BEF37DCE1DCC595A008780D8 /* SocketClientManager.swift */ = {isa = PBXFileReference; fileEncoding = 4; lastKnownFileType = sourcecode.swift; path = SocketClientManager.swift; sourceTree = "<group>"; };
		BEF37DCF1DCC595A008780D8 /* SocketEngine.swift */ = {isa = PBXFileReference; fileEncoding = 4; lastKnownFileType = sourcecode.swift; path = SocketEngine.swift; sourceTree = "<group>"; };
		BEF37DD01DCC595A008780D8 /* SocketEngineClient.swift */ = {isa = PBXFileReference; fileEncoding = 4; lastKnownFileType = sourcecode.swift; path = SocketEngineClient.swift; sourceTree = "<group>"; };
		BEF37DD11DCC595A008780D8 /* SocketEnginePacketType.swift */ = {isa = PBXFileReference; fileEncoding = 4; lastKnownFileType = sourcecode.swift; path = SocketEnginePacketType.swift; sourceTree = "<group>"; };
		BEF37DD21DCC595A008780D8 /* SocketEnginePollable.swift */ = {isa = PBXFileReference; fileEncoding = 4; lastKnownFileType = sourcecode.swift; path = SocketEnginePollable.swift; sourceTree = "<group>"; };
		BEF37DD31DCC595A008780D8 /* SocketEngineSpec.swift */ = {isa = PBXFileReference; fileEncoding = 4; lastKnownFileType = sourcecode.swift; path = SocketEngineSpec.swift; sourceTree = "<group>"; };
		BEF37DD41DCC595A008780D8 /* SocketEngineWebsocket.swift */ = {isa = PBXFileReference; fileEncoding = 4; lastKnownFileType = sourcecode.swift; path = SocketEngineWebsocket.swift; sourceTree = "<group>"; };
		BEF37DD51DCC595A008780D8 /* SocketEventHandler.swift */ = {isa = PBXFileReference; fileEncoding = 4; lastKnownFileType = sourcecode.swift; path = SocketEventHandler.swift; sourceTree = "<group>"; };
		BEF37DD61DCC595A008780D8 /* SocketExtensions.swift */ = {isa = PBXFileReference; fileEncoding = 4; lastKnownFileType = sourcecode.swift; path = SocketExtensions.swift; sourceTree = "<group>"; };
		BEF37DD71DCC595A008780D8 /* SocketIOClient.swift */ = {isa = PBXFileReference; fileEncoding = 4; lastKnownFileType = sourcecode.swift; path = SocketIOClient.swift; sourceTree = "<group>"; };
		BEF37DD81DCC595A008780D8 /* SocketIOClientConfiguration.swift */ = {isa = PBXFileReference; fileEncoding = 4; lastKnownFileType = sourcecode.swift; path = SocketIOClientConfiguration.swift; sourceTree = "<group>"; };
		BEF37DD91DCC595A008780D8 /* SocketIOClientOption.swift */ = {isa = PBXFileReference; fileEncoding = 4; lastKnownFileType = sourcecode.swift; path = SocketIOClientOption.swift; sourceTree = "<group>"; };
		BEF37DDA1DCC595A008780D8 /* SocketIOClientSpec.swift */ = {isa = PBXFileReference; fileEncoding = 4; lastKnownFileType = sourcecode.swift; path = SocketIOClientSpec.swift; sourceTree = "<group>"; };
		BEF37DDB1DCC595A008780D8 /* SocketIOClientStatus.swift */ = {isa = PBXFileReference; fileEncoding = 4; lastKnownFileType = sourcecode.swift; path = SocketIOClientStatus.swift; sourceTree = "<group>"; };
		BEF37DDC1DCC595A008780D8 /* SocketLogger.swift */ = {isa = PBXFileReference; fileEncoding = 4; lastKnownFileType = sourcecode.swift; path = SocketLogger.swift; sourceTree = "<group>"; };
		BEF37DDD1DCC595A008780D8 /* SocketPacket.swift */ = {isa = PBXFileReference; fileEncoding = 4; lastKnownFileType = sourcecode.swift; path = SocketPacket.swift; sourceTree = "<group>"; };
		BEF37DDE1DCC595A008780D8 /* SocketParsable.swift */ = {isa = PBXFileReference; fileEncoding = 4; lastKnownFileType = sourcecode.swift; path = SocketParsable.swift; sourceTree = "<group>"; };
		BEF37DDF1DCC595A008780D8 /* SocketStringReader.swift */ = {isa = PBXFileReference; fileEncoding = 4; lastKnownFileType = sourcecode.swift; path = SocketStringReader.swift; sourceTree = "<group>"; };
		BEF37DE01DCC595A008780D8 /* SocketTypes.swift */ = {isa = PBXFileReference; fileEncoding = 4; lastKnownFileType = sourcecode.swift; path = SocketTypes.swift; sourceTree = "<group>"; };
		BEF37DE11DCC595A008780D8 /* SSLSecurity.swift */ = {isa = PBXFileReference; fileEncoding = 4; lastKnownFileType = sourcecode.swift; path = SSLSecurity.swift; sourceTree = "<group>"; };
		BEF37DE21DCC595A008780D8 /* WebSocket.swift */ = {isa = PBXFileReference; fileEncoding = 4; lastKnownFileType = sourcecode.swift; path = WebSocket.swift; sourceTree = "<group>"; };
/* End PBXFileReference section */

/* Begin PBXFrameworksBuildPhase section */
		BE8CF3F71DCB0F6300F74ECE /* Frameworks */ = {
			isa = PBXFrameworksBuildPhase;
			buildActionMask = 2147483647;
			files = (
			);
			runOnlyForDeploymentPostprocessing = 0;
		};
/* End PBXFrameworksBuildPhase section */

/* Begin PBXGroup section */
		BE2FC3DC1DD722EB00203354 /* ListenerController */ = {
			isa = PBXGroup;
			children = (
				BE2FC3D81DD7179D00203354 /* ListenRegisterEvent.swift */,
				BE2FC3DA1DD71E6500203354 /* ListenProfileEvent.swift */,
				BE5628901DD37FCA002D50FA /* ListenRoomEvent.swift */,
				BE2FC3DD1DD7262C00203354 /* ListenWaitingRoomEvent.swift */,
				BE2FC3D61DD7168900203354 /* NotificationCommands.swift */,
			);
			name = ListenerController;
			sourceTree = "<group>";
		};
		BE8CF3F11DCB0F6200F74ECE = {
			isa = PBXGroup;
			children = (
				BE8CF3FC1DCB0F6300F74ECE /* OanTuTi */,
				BE8CF3FB1DCB0F6300F74ECE /* Products */,
			);
			sourceTree = "<group>";
		};
		BE8CF3FB1DCB0F6300F74ECE /* Products */ = {
			isa = PBXGroup;
			children = (
				BE8CF3FA1DCB0F6300F74ECE /* OanTuTi.app */,
			);
			name = Products;
			sourceTree = "<group>";
		};
		BE8CF3FC1DCB0F6300F74ECE /* OanTuTi */ = {
			isa = PBXGroup;
			children = (
				BE8CF4011DCB0F6300F74ECE /* Main.storyboard */,
				BEDE989C1DCB2DC700C6806F /* Controller */,
				BE2FC3DC1DD722EB00203354 /* ListenerController */,
				BEDE98A11DCB2FD400C6806F /* Entity */,
				BEDE989B1DCB2DB100C6806F /* Suppporting Files */,
				BEF37DFB1DCC5968008780D8 /* SourcesSocketIO */,
			);
			path = OanTuTi;
			sourceTree = "<group>";
		};
		BEDE989B1DCB2DB100C6806F /* Suppporting Files */ = {
			isa = PBXGroup;
			children = (
				7E51E39D1DD4CA1300499D75 /* SCLAlertView.swift */,
				7E51E39E1DD4CA1300499D75 /* SCLExtensions.swift */,
				BE8CF3FD1DCB0F6300F74ECE /* AppDelegate.swift */,
				BE8CF4041DCB0F6300F74ECE /* Assets.xcassets */,
				BE8CF4061DCB0F6300F74ECE /* LaunchScreen.storyboard */,
				BE8CF4091DCB0F6300F74ECE /* Info.plist */,
			);
			name = "Suppporting Files";
			sourceTree = "<group>";
		};
		BEDE989C1DCB2DC700C6806F /* Controller */ = {
			isa = PBXGroup;
			children = (
				BE8CF40F1DCB109000F74ECE /* LoginViewController.swift */,
				BE8CF4101DCB109000F74ECE /* RegisterViewController.swift */,
				BE0018FC1DCCF1B50038A410 /* MenuViewController.swift */,
				BE53A7C81DCF6C8A000A2AB8 /* ProfileViewController.swift */,
				BE5636D41DD0DA6C00E1FEB0 /* RoomCollectionViewController.swift */,
				BE0B02F01DD570FB006CD237 /* WaitingViewController.swift */,
				BE7F87CD1DD46DA000C76DD3 /* ExtensionUIViewController.swift */,
				BEF37DC91DCC5858008780D8 /* SocketIOManager.swift */,
			);
			name = Controller;
			sourceTree = "<group>";
		};
		BEDE98A11DCB2FD400C6806F /* Entity */ = {
			isa = PBXGroup;
			children = (
				BE0018FA1DCCEE0E0038A410 /* User.swift */,
				BEB13E021DDB34D900445317 /* MyProfile.swift */,
				BEDE989D1DCB2DE300C6806F /* Commands.swift */,
				BEDE989F1DCB2F3100C6806F /* Contants.swift */,
				BE56288E1DD37175002D50FA /* Room.swift */,
			);
			name = Entity;
			sourceTree = "<group>";
		};
		BEF37DFB1DCC5968008780D8 /* SourcesSocketIO */ = {
			isa = PBXGroup;
			children = (
				BEF37DCB1DCC595A008780D8 /* SocketAckEmitter.swift */,
				BEF37DCC1DCC595A008780D8 /* SocketAckManager.swift */,
				BEF37DCD1DCC595A008780D8 /* SocketAnyEvent.swift */,
				BEF37DCE1DCC595A008780D8 /* SocketClientManager.swift */,
				BEF37DCF1DCC595A008780D8 /* SocketEngine.swift */,
				BEF37DD01DCC595A008780D8 /* SocketEngineClient.swift */,
				BEF37DD11DCC595A008780D8 /* SocketEnginePacketType.swift */,
				BEF37DD21DCC595A008780D8 /* SocketEnginePollable.swift */,
				BEF37DD31DCC595A008780D8 /* SocketEngineSpec.swift */,
				BEF37DD41DCC595A008780D8 /* SocketEngineWebsocket.swift */,
				BEF37DD51DCC595A008780D8 /* SocketEventHandler.swift */,
				BEF37DD61DCC595A008780D8 /* SocketExtensions.swift */,
				BEF37DD71DCC595A008780D8 /* SocketIOClient.swift */,
				BEF37DD81DCC595A008780D8 /* SocketIOClientConfiguration.swift */,
				BEF37DD91DCC595A008780D8 /* SocketIOClientOption.swift */,
				BEF37DDA1DCC595A008780D8 /* SocketIOClientSpec.swift */,
				BEF37DDB1DCC595A008780D8 /* SocketIOClientStatus.swift */,
				BEF37DDC1DCC595A008780D8 /* SocketLogger.swift */,
				BEF37DDD1DCC595A008780D8 /* SocketPacket.swift */,
				BEF37DDE1DCC595A008780D8 /* SocketParsable.swift */,
				BEF37DDF1DCC595A008780D8 /* SocketStringReader.swift */,
				BEF37DE01DCC595A008780D8 /* SocketTypes.swift */,
				BEF37DE11DCC595A008780D8 /* SSLSecurity.swift */,
				BEF37DE21DCC595A008780D8 /* WebSocket.swift */,
			);
			name = SourcesSocketIO;
			sourceTree = "<group>";
		};
/* End PBXGroup section */

/* Begin PBXNativeTarget section */
		BE8CF3F91DCB0F6300F74ECE /* OanTuTi */ = {
			isa = PBXNativeTarget;
			buildConfigurationList = BE8CF40C1DCB0F6300F74ECE /* Build configuration list for PBXNativeTarget "OanTuTi" */;
			buildPhases = (
				BE8CF3F61DCB0F6300F74ECE /* Sources */,
				BE8CF3F71DCB0F6300F74ECE /* Frameworks */,
				BE8CF3F81DCB0F6300F74ECE /* Resources */,
			);
			buildRules = (
			);
			dependencies = (
			);
			name = OanTuTi;
			productName = OanTuTi;
			productReference = BE8CF3FA1DCB0F6300F74ECE /* OanTuTi.app */;
			productType = "com.apple.product-type.application";
		};
/* End PBXNativeTarget section */

/* Begin PBXProject section */
		BE8CF3F21DCB0F6200F74ECE /* Project object */ = {
			isa = PBXProject;
			attributes = {
				LastSwiftUpdateCheck = 0800;
				LastUpgradeCheck = 0800;
				ORGANIZATIONNAME = Phuc;
				TargetAttributes = {
					BE8CF3F91DCB0F6300F74ECE = {
						CreatedOnToolsVersion = 8.0;
						DevelopmentTeam = F4W7MF6JSX;
						ProvisioningStyle = Automatic;
					};
				};
			};
			buildConfigurationList = BE8CF3F51DCB0F6200F74ECE /* Build configuration list for PBXProject "OanTuTi" */;
			compatibilityVersion = "Xcode 3.2";
			developmentRegion = English;
			hasScannedForEncodings = 0;
			knownRegions = (
				en,
				Base,
			);
			mainGroup = BE8CF3F11DCB0F6200F74ECE;
			productRefGroup = BE8CF3FB1DCB0F6300F74ECE /* Products */;
			projectDirPath = "";
			projectRoot = "";
			targets = (
				BE8CF3F91DCB0F6300F74ECE /* OanTuTi */,
			);
		};
/* End PBXProject section */

/* Begin PBXResourcesBuildPhase section */
		BE8CF3F81DCB0F6300F74ECE /* Resources */ = {
			isa = PBXResourcesBuildPhase;
			buildActionMask = 2147483647;
			files = (
				BE8CF4081DCB0F6300F74ECE /* LaunchScreen.storyboard in Resources */,
				BE8CF4051DCB0F6300F74ECE /* Assets.xcassets in Resources */,
				BE8CF4031DCB0F6300F74ECE /* Main.storyboard in Resources */,
			);
			runOnlyForDeploymentPostprocessing = 0;
		};
/* End PBXResourcesBuildPhase section */

/* Begin PBXSourcesBuildPhase section */
		BE8CF3F61DCB0F6300F74ECE /* Sources */ = {
			isa = PBXSourcesBuildPhase;
			buildActionMask = 2147483647;
			files = (
				BE2FC3DE1DD7262C00203354 /* ListenWaitingRoomEvent.swift in Sources */,
				BE0B02F11DD570FB006CD237 /* WaitingViewController.swift in Sources */,
				BEF37DF21DCC595A008780D8 /* SocketIOClientSpec.swift in Sources */,
				BE8CF4121DCB109000F74ECE /* RegisterViewController.swift in Sources */,
				BEF37DE81DCC595A008780D8 /* SocketEngineClient.swift in Sources */,
				BEF37DF91DCC595A008780D8 /* SSLSecurity.swift in Sources */,
				7E51E39F1DD4CA1300499D75 /* SCLAlertView.swift in Sources */,
				BEB13E031DDB34D900445317 /* MyProfile.swift in Sources */,
				BE0018FB1DCCEE0E0038A410 /* User.swift in Sources */,
				BEF37DE71DCC595A008780D8 /* SocketEngine.swift in Sources */,
				BE53A7C91DCF6C8A000A2AB8 /* ProfileViewController.swift in Sources */,
				BEF37DF11DCC595A008780D8 /* SocketIOClientOption.swift in Sources */,
				BE0018FD1DCCF1B50038A410 /* MenuViewController.swift in Sources */,
				BE56288F1DD37175002D50FA /* Room.swift in Sources */,
				BE2FC3DB1DD71E6500203354 /* ListenProfileEvent.swift in Sources */,
				BE5628911DD37FCA002D50FA /* ListenRoomEvent.swift in Sources */,
				BE7F87CE1DD46DA000C76DD3 /* ExtensionUIViewController.swift in Sources */,
				BEF37DEB1DCC595A008780D8 /* SocketEngineSpec.swift in Sources */,
				BE8CF4111DCB109000F74ECE /* LoginViewController.swift in Sources */,
				BEF37DE51DCC595A008780D8 /* SocketAnyEvent.swift in Sources */,
				BEDE98A01DCB2F3100C6806F /* Contants.swift in Sources */,
				BE8CF3FE1DCB0F6300F74ECE /* AppDelegate.swift in Sources */,
				BEF37DE61DCC595A008780D8 /* SocketClientManager.swift in Sources */,
				BE5636D51DD0DA6C00E1FEB0 /* RoomCollectionViewController.swift in Sources */,
				BEF37DE41DCC595A008780D8 /* SocketAckManager.swift in Sources */,
				BEF37DF31DCC595A008780D8 /* SocketIOClientStatus.swift in Sources */,
				BEF37DE31DCC595A008780D8 /* SocketAckEmitter.swift in Sources */,
				BEF37DF41DCC595A008780D8 /* SocketLogger.swift in Sources */,
				BEF37DF71DCC595A008780D8 /* SocketStringReader.swift in Sources */,
				BEF37DF51DCC595A008780D8 /* SocketPacket.swift in Sources */,
				BEF37DE91DCC595A008780D8 /* SocketEnginePacketType.swift in Sources */,
				BEF37DFA1DCC595A008780D8 /* WebSocket.swift in Sources */,
				BEF37DF81DCC595A008780D8 /* SocketTypes.swift in Sources */,
				BE2FC3D91DD7179D00203354 /* ListenRegisterEvent.swift in Sources */,
				BEF37DED1DCC595A008780D8 /* SocketEventHandler.swift in Sources */,
				BEF37DEC1DCC595A008780D8 /* SocketEngineWebsocket.swift in Sources */,
				BEF37DEE1DCC595A008780D8 /* SocketExtensions.swift in Sources */,
				BEF37DEA1DCC595A008780D8 /* SocketEnginePollable.swift in Sources */,
				BEF37DF01DCC595A008780D8 /* SocketIOClientConfiguration.swift in Sources */,
				BE2FC3D71DD7168900203354 /* NotificationCommands.swift in Sources */,
				BEF37DF61DCC595A008780D8 /* SocketParsable.swift in Sources */,
				BEF37DEF1DCC595A008780D8 /* SocketIOClient.swift in Sources */,
				7E51E3A01DD4CA1300499D75 /* SCLExtensions.swift in Sources */,
				BEF37DCA1DCC5858008780D8 /* SocketIOManager.swift in Sources */,
				BEDE989E1DCB2DE300C6806F /* Commands.swift in Sources */,
			);
			runOnlyForDeploymentPostprocessing = 0;
		};
/* End PBXSourcesBuildPhase section */

/* Begin PBXVariantGroup section */
		BE8CF4011DCB0F6300F74ECE /* Main.storyboard */ = {
			isa = PBXVariantGroup;
			children = (
				BE8CF4021DCB0F6300F74ECE /* Base */,
			);
			name = Main.storyboard;
			sourceTree = "<group>";
		};
		BE8CF4061DCB0F6300F74ECE /* LaunchScreen.storyboard */ = {
			isa = PBXVariantGroup;
			children = (
				BE8CF4071DCB0F6300F74ECE /* Base */,
			);
			name = LaunchScreen.storyboard;
			sourceTree = "<group>";
		};
/* End PBXVariantGroup section */

/* Begin XCBuildConfiguration section */
		BE8CF40A1DCB0F6300F74ECE /* Debug */ = {
			isa = XCBuildConfiguration;
			buildSettings = {
				ALWAYS_SEARCH_USER_PATHS = NO;
				CLANG_ANALYZER_NONNULL = YES;
				CLANG_CXX_LANGUAGE_STANDARD = "gnu++0x";
				CLANG_CXX_LIBRARY = "libc++";
				CLANG_ENABLE_MODULES = YES;
				CLANG_ENABLE_OBJC_ARC = YES;
				CLANG_WARN_BOOL_CONVERSION = YES;
				CLANG_WARN_CONSTANT_CONVERSION = YES;
				CLANG_WARN_DIRECT_OBJC_ISA_USAGE = YES_ERROR;
				CLANG_WARN_DOCUMENTATION_COMMENTS = YES;
				CLANG_WARN_EMPTY_BODY = YES;
				CLANG_WARN_ENUM_CONVERSION = YES;
				CLANG_WARN_INFINITE_RECURSION = YES;
				CLANG_WARN_INT_CONVERSION = YES;
				CLANG_WARN_OBJC_ROOT_CLASS = YES_ERROR;
				CLANG_WARN_SUSPICIOUS_MOVES = YES;
				CLANG_WARN_UNREACHABLE_CODE = YES;
				CLANG_WARN__DUPLICATE_METHOD_MATCH = YES;
				"CODE_SIGN_IDENTITY[sdk=iphoneos*]" = "iPhone Developer";
				COPY_PHASE_STRIP = NO;
				DEBUG_INFORMATION_FORMAT = dwarf;
				ENABLE_STRICT_OBJC_MSGSEND = YES;
				ENABLE_TESTABILITY = YES;
				GCC_C_LANGUAGE_STANDARD = gnu99;
				GCC_DYNAMIC_NO_PIC = NO;
				GCC_NO_COMMON_BLOCKS = YES;
				GCC_OPTIMIZATION_LEVEL = 0;
				GCC_PREPROCESSOR_DEFINITIONS = (
					"DEBUG=1",
					"$(inherited)",
				);
				GCC_WARN_64_TO_32_BIT_CONVERSION = YES;
				GCC_WARN_ABOUT_RETURN_TYPE = YES_ERROR;
				GCC_WARN_UNDECLARED_SELECTOR = YES;
				GCC_WARN_UNINITIALIZED_AUTOS = YES_AGGRESSIVE;
				GCC_WARN_UNUSED_FUNCTION = YES;
				GCC_WARN_UNUSED_VARIABLE = YES;
				IPHONEOS_DEPLOYMENT_TARGET = 10.0;
				MTL_ENABLE_DEBUG_INFO = YES;
				ONLY_ACTIVE_ARCH = YES;
				SDKROOT = iphoneos;
				SWIFT_ACTIVE_COMPILATION_CONDITIONS = DEBUG;
				SWIFT_OPTIMIZATION_LEVEL = "-Onone";
				TARGETED_DEVICE_FAMILY = "1,2";
			};
			name = Debug;
		};
		BE8CF40B1DCB0F6300F74ECE /* Release */ = {
			isa = XCBuildConfiguration;
			buildSettings = {
				ALWAYS_SEARCH_USER_PATHS = NO;
				CLANG_ANALYZER_NONNULL = YES;
				CLANG_CXX_LANGUAGE_STANDARD = "gnu++0x";
				CLANG_CXX_LIBRARY = "libc++";
				CLANG_ENABLE_MODULES = YES;
				CLANG_ENABLE_OBJC_ARC = YES;
				CLANG_WARN_BOOL_CONVERSION = YES;
				CLANG_WARN_CONSTANT_CONVERSION = YES;
				CLANG_WARN_DIRECT_OBJC_ISA_USAGE = YES_ERROR;
				CLANG_WARN_DOCUMENTATION_COMMENTS = YES;
				CLANG_WARN_EMPTY_BODY = YES;
				CLANG_WARN_ENUM_CONVERSION = YES;
				CLANG_WARN_INFINITE_RECURSION = YES;
				CLANG_WARN_INT_CONVERSION = YES;
				CLANG_WARN_OBJC_ROOT_CLASS = YES_ERROR;
				CLANG_WARN_SUSPICIOUS_MOVES = YES;
				CLANG_WARN_UNREACHABLE_CODE = YES;
				CLANG_WARN__DUPLICATE_METHOD_MATCH = YES;
				"CODE_SIGN_IDENTITY[sdk=iphoneos*]" = "iPhone Developer";
				COPY_PHASE_STRIP = NO;
				DEBUG_INFORMATION_FORMAT = "dwarf-with-dsym";
				ENABLE_NS_ASSERTIONS = NO;
				ENABLE_STRICT_OBJC_MSGSEND = YES;
				GCC_C_LANGUAGE_STANDARD = gnu99;
				GCC_NO_COMMON_BLOCKS = YES;
				GCC_WARN_64_TO_32_BIT_CONVERSION = YES;
				GCC_WARN_ABOUT_RETURN_TYPE = YES_ERROR;
				GCC_WARN_UNDECLARED_SELECTOR = YES;
				GCC_WARN_UNINITIALIZED_AUTOS = YES_AGGRESSIVE;
				GCC_WARN_UNUSED_FUNCTION = YES;
				GCC_WARN_UNUSED_VARIABLE = YES;
				IPHONEOS_DEPLOYMENT_TARGET = 10.0;
				MTL_ENABLE_DEBUG_INFO = NO;
				SDKROOT = iphoneos;
				SWIFT_OPTIMIZATION_LEVEL = "-Owholemodule";
				TARGETED_DEVICE_FAMILY = "1,2";
				VALIDATE_PRODUCT = YES;
			};
			name = Release;
		};
		BE8CF40D1DCB0F6300F74ECE /* Debug */ = {
			isa = XCBuildConfiguration;
			buildSettings = {
				ASSETCATALOG_COMPILER_APPICON_NAME = AppIcon;
				DEVELOPMENT_TEAM = F4W7MF6JSX;
				INFOPLIST_FILE = OanTuTi/Info.plist;
				IPHONEOS_DEPLOYMENT_TARGET = 8.0;
				LD_RUNPATH_SEARCH_PATHS = "$(inherited) @executable_path/Frameworks";
				PRODUCT_BUNDLE_IDENTIFIER = Phuc.OanTuTi;
				PRODUCT_NAME = "$(TARGET_NAME)";
				SWIFT_VERSION = 3.0;
			};
			name = Debug;
		};
		BE8CF40E1DCB0F6300F74ECE /* Release */ = {
			isa = XCBuildConfiguration;
			buildSettings = {
				ASSETCATALOG_COMPILER_APPICON_NAME = AppIcon;
				DEVELOPMENT_TEAM = F4W7MF6JSX;
				INFOPLIST_FILE = OanTuTi/Info.plist;
				IPHONEOS_DEPLOYMENT_TARGET = 8.0;
				LD_RUNPATH_SEARCH_PATHS = "$(inherited) @executable_path/Frameworks";
				PRODUCT_BUNDLE_IDENTIFIER = Phuc.OanTuTi;
				PRODUCT_NAME = "$(TARGET_NAME)";
				SWIFT_VERSION = 3.0;
			};
			name = Release;
		};
/* End XCBuildConfiguration section */

/* Begin XCConfigurationList section */
		BE8CF3F51DCB0F6200F74ECE /* Build configuration list for PBXProject "OanTuTi" */ = {
			isa = XCConfigurationList;
			buildConfigurations = (
				BE8CF40A1DCB0F6300F74ECE /* Debug */,
				BE8CF40B1DCB0F6300F74ECE /* Release */,
			);
			defaultConfigurationIsVisible = 0;
			defaultConfigurationName = Release;
		};
		BE8CF40C1DCB0F6300F74ECE /* Build configuration list for PBXNativeTarget "OanTuTi" */ = {
			isa = XCConfigurationList;
			buildConfigurations = (
				BE8CF40D1DCB0F6300F74ECE /* Debug */,
				BE8CF40E1DCB0F6300F74ECE /* Release */,
			);
			defaultConfigurationIsVisible = 0;
			defaultConfigurationName = Release;
		};
/* End XCConfigurationList section */
	};
	rootObject = BE8CF3F21DCB0F6200F74ECE /* Project object */;
}
